
Microsoft Visual Studio Solution File, Format Version 12.00
# Visual Studio 15
VisualStudioVersion = 15.0.28307.136
MinimumVisualStudioVersion = 10.0.40219.1
Project("{FAE04EC0-301F-11D3-BF4B-00C04F79EFBC}") = "Appium.AutomateNotePad.ConsoleApp", "Appium.AutomateNotePad.ConsoleApp\Appium.AutomateNotePad.ConsoleApp.csproj", "{FA0ED423-AFAB-4F3F-A77E-29FC4AC72F1C}"
EndProject
Project("{FAE04EC0-301F-11D3-BF4B-00C04F79EFBC}") = "AppiumServiceBuilder.AutomationNotePad.ConsoleApp", "AppiumServiceBuilder.AutomationNotePad.ConsoleApp\AppiumServiceBuilder.AutomationNotePad.ConsoleApp.csproj", "{865EFC70-D488-46F9-AFBE-E044D8651F14}"
EndProject
Project("{2150E333-8FDC-42A3-9474-1A3956D46DE8}") = "Src", "Src", "{89460545-7EE1-4140-AB0E-AAB699C0BAE1}"
EndProject
Project("{FAE04EC0-301F-11D3-BF4B-00C04F79EFBC}") = "WPFApp", "Src\WPFApp\WPFApp.csproj", "{2D5E0E38-B7AC-4C2E-B381-F93E18C39D6A}"
EndProject
Global
	GlobalSection(SolutionConfigurationPlatforms) = preSolution
		Debug|x64 = Debug|x64
		Release|x64 = Release|x64
	EndGlobalSection
	GlobalSection(ProjectConfigurationPlatforms) = postSolution
		{FA0ED423-AFAB-4F3F-A77E-29FC4AC72F1C}.Debug|x64.ActiveCfg = Debug|x64
		{FA0ED423-AFAB-4F3F-A77E-29FC4AC72F1C}.Debug|x64.Build.0 = Debug|x64
		{FA0ED423-AFAB-4F3F-A77E-29FC4AC72F1C}.Release|x64.ActiveCfg = Release|x64
		{FA0ED423-AFAB-4F3F-A77E-29FC4AC72F1C}.Release|x64.Build.0 = Release|x64
		{865EFC70-D488-46F9-AFBE-E044D8651F14}.Debug|x64.ActiveCfg = Debug|Any CPU
		{865EFC70-D488-46F9-AFBE-E044D8651F14}.Debug|x64.Build.0 = Debug|Any CPU
		{865EFC70-D488-46F9-AFBE-E044D8651F14}.Release|x64.ActiveCfg = Release|Any CPU
		{865EFC70-D488-46F9-AFBE-E044D8651F14}.Release|x64.Build.0 = Release|Any CPU
		{2D5E0E38-B7AC-4C2E-B381-F93E18C39D6A}.Debug|x64.ActiveCfg = Debug|Any CPU
		{2D5E0E38-B7AC-4C2E-B381-F93E18C39D6A}.Debug|x64.Build.0 = Debug|Any CPU
		{2D5E0E38-B7AC-4C2E-B381-F93E18C39D6A}.Release|x64.ActiveCfg = Release|x64
		{2D5E0E38-B7AC-4C2E-B381-F93E18C39D6A}.Release|x64.Build.0 = Release|x64
	EndGlobalSection
	GlobalSection(SolutionProperties) = preSolution
		HideSolutionNode = FALSE
	EndGlobalSection
	GlobalSection(NestedProjects) = preSolution
		{2D5E0E38-B7AC-4C2E-B381-F93E18C39D6A} = {89460545-7EE1-4140-AB0E-AAB699C0BAE1}
	EndGlobalSection
	GlobalSection(ExtensibilityGlobals) = postSolution
		SolutionGuid = {8668A573-4F05-4AAD-96AB-CAD060C9B4F9}
	EndGlobalSection
EndGlobal
